
Microsoft Visual Studio Solution File, Format Version 12.00
# Visual Studio Version 17
VisualStudioVersion = 17.5.33627.172
MinimumVisualStudioVersion = 10.0.40219.1
Project("{FAE04EC0-301F-11D3-BF4B-00C04F79EFBC}") = "BaNotes", "BaNotes\BaNotes.csproj", "{56F8616D-2109-48A9-BDC2-A51BAF744EBB}"
EndProject
Global
	GlobalSection(SolutionConfigurationPlatforms) = preSolution
		Debug|Any CPU = Debug|Any CPU
		Release|Any CPU = Release|Any CPU
	EndGlobalSection
	GlobalSection(ProjectConfigurationPlatforms) = postSolution
		{56F8616D-2109-48A9-BDC2-A51BAF744EBB}.Debug|Any CPU.ActiveCfg = Debug|Any CPU
		{56F8616D-2109-48A9-BDC2-A51BAF744EBB}.Debug|Any CPU.Build.0 = Debug|Any CPU
		{56F8616D-2109-48A9-BDC2-A51BAF744EBB}.Release|Any CPU.ActiveCfg = Release|Any CPU
		{56F8616D-2109-48A9-BDC2-A51BAF744EBB}.Release|Any CPU.Build.0 = Release|Any CPU
	EndGlobalSection
	GlobalSection(SolutionProperties) = preSolution
		HideSolutionNode = FALSE
	EndGlobalSection
	GlobalSection(ExtensibilityGlobals) = postSolution
		SolutionGuid = {04F945B1-BD4C-4900-B8B2-A9C4D5BAC958}
	EndGlobalSection
EndGlobal
